// !$*UTF8*$!
{
	archiveVersion = 1;
	classes = {
	};
	objectVersion = 46;
	objects = {

/* Begin PBXBuildFile section */
		74DC7D201831815100F00EF9 /* UIKit.framework in Frameworks */ = {isa = PBXBuildFile; fileRef = 74DC7D1F1831815100F00EF9 /* UIKit.framework */; };
		74DC7D221831815100F00EF9 /* Foundation.framework in Frameworks */ = {isa = PBXBuildFile; fileRef = 74DC7D211831815100F00EF9 /* Foundation.framework */; };
		74DC7D241831815100F00EF9 /* CoreGraphics.framework in Frameworks */ = {isa = PBXBuildFile; fileRef = 74DC7D231831815100F00EF9 /* CoreGraphics.framework */; };
		74DC7D261831815100F00EF9 /* GLKit.framework in Frameworks */ = {isa = PBXBuildFile; fileRef = 74DC7D251831815100F00EF9 /* GLKit.framework */; };
		74DC7D281831815100F00EF9 /* OpenGLES.framework in Frameworks */ = {isa = PBXBuildFile; fileRef = 74DC7D271831815100F00EF9 /* OpenGLES.framework */; };
		74DC7D2E1831815100F00EF9 /* InfoPlist.strings in Resources */ = {isa = PBXBuildFile; fileRef = 74DC7D2C1831815100F00EF9 /* InfoPlist.strings */; };
		74DC7D301831815100F00EF9 /* main.m in Sources */ = {isa = PBXBuildFile; fileRef = 74DC7D2F1831815100F00EF9 /* main.m */; };
		74DC7D341831815100F00EF9 /* AppDelegate.m in Sources */ = {isa = PBXBuildFile; fileRef = 74DC7D331831815100F00EF9 /* AppDelegate.m */; };
		74DC7D361831815100F00EF9 /* Default.png in Resources */ = {isa = PBXBuildFile; fileRef = 74DC7D351831815100F00EF9 /* Default.png */; };
		74DC7D381831815100F00EF9 /* Default@2x.png in Resources */ = {isa = PBXBuildFile; fileRef = 74DC7D371831815100F00EF9 /* Default@2x.png */; };
		74DC7D3A1831815100F00EF9 /* Default-568h@2x.png in Resources */ = {isa = PBXBuildFile; fileRef = 74DC7D391831815100F00EF9 /* Default-568h@2x.png */; };
		74DC7D3D1831815100F00EF9 /* MainStoryboard_iPhone.storyboard in Resources */ = {isa = PBXBuildFile; fileRef = 74DC7D3B1831815100F00EF9 /* MainStoryboard_iPhone.storyboard */; };
		74DC7D401831815100F00EF9 /* MainStoryboard_iPad.storyboard in Resources */ = {isa = PBXBuildFile; fileRef = 74DC7D3E1831815100F00EF9 /* MainStoryboard_iPad.storyboard */; };
		74DC7D421831815100F00EF9 /* Shader.fsh in Resources */ = {isa = PBXBuildFile; fileRef = 74DC7D411831815100F00EF9 /* Shader.fsh */; };
		74DC7D441831815100F00EF9 /* Shader.vsh in Resources */ = {isa = PBXBuildFile; fileRef = 74DC7D431831815100F00EF9 /* Shader.vsh */; };
		74DC7D471831815100F00EF9 /* ViewController.m in Sources */ = {isa = PBXBuildFile; fileRef = 74DC7D461831815100F00EF9 /* ViewController.m */; };
/* End PBXBuildFile section */

/* Begin PBXFileReference section */
		74DC7D1C1831815100F00EF9 /* OpenGLTest1.app */ = {isa = PBXFileReference; explicitFileType = wrapper.application; includeInIndex = 0; path = OpenGLTest1.app; sourceTree = BUILT_PRODUCTS_DIR; };
		74DC7D1F1831815100F00EF9 /* UIKit.framework */ = {isa = PBXFileReference; lastKnownFileType = wrapper.framework; name = UIKit.framework; path = System/Library/Frameworks/UIKit.framework; sourceTree = SDKROOT; };
		74DC7D211831815100F00EF9 /* Foundation.framework */ = {isa = PBXFileReference; lastKnownFileType = wrapper.framework; name = Foundation.framework; path = System/Library/Frameworks/Foundation.framework; sourceTree = SDKROOT; };
		74DC7D231831815100F00EF9 /* CoreGraphics.framework */ = {isa = PBXFileReference; lastKnownFileType = wrapper.framework; name = CoreGraphics.framework; path = System/Library/Frameworks/CoreGraphics.framework; sourceTree = SDKROOT; };
		74DC7D251831815100F00EF9 /* GLKit.framework */ = {isa = PBXFileReference; lastKnownFileType = wrapper.framework; name = GLKit.framework; path = System/Library/Frameworks/GLKit.framework; sourceTree = SDKROOT; };
		74DC7D271831815100F00EF9 /* OpenGLES.framework */ = {isa = PBXFileReference; lastKnownFileType = wrapper.framework; name = OpenGLES.framework; path = System/Library/Frameworks/OpenGLES.framework; sourceTree = SDKROOT; };
		74DC7D2B1831815100F00EF9 /* OpenGLTest1-Info.plist */ = {isa = PBXFileReference; lastKnownFileType = text.plist.xml; path = "OpenGLTest1-Info.plist"; sourceTree = "<group>"; };
		74DC7D2D1831815100F00EF9 /* en */ = {isa = PBXFileReference; lastKnownFileType = text.plist.strings; name = en; path = en.lproj/InfoPlist.strings; sourceTree = "<group>"; };
		74DC7D2F1831815100F00EF9 /* main.m */ = {isa = PBXFileReference; lastKnownFileType = sourcecode.c.objc; path = main.m; sourceTree = "<group>"; };
		74DC7D311831815100F00EF9 /* OpenGLTest1-Prefix.pch */ = {isa = PBXFileReference; lastKnownFileType = sourcecode.c.h; path = "OpenGLTest1-Prefix.pch"; sourceTree = "<group>"; };
		74DC7D321831815100F00EF9 /* AppDelegate.h */ = {isa = PBXFileReference; lastKnownFileType = sourcecode.c.h; path = AppDelegate.h; sourceTree = "<group>"; };
		74DC7D331831815100F00EF9 /* AppDelegate.m */ = {isa = PBXFileReference; lastKnownFileType = sourcecode.c.objc; path = AppDelegate.m; sourceTree = "<group>"; };
		74DC7D351831815100F00EF9 /* Default.png */ = {isa = PBXFileReference; lastKnownFileType = image.png; path = Default.png; sourceTree = "<group>"; };
		74DC7D371831815100F00EF9 /* Default@2x.png */ = {isa = PBXFileReference; lastKnownFileType = image.png; path = "Default@2x.png"; sourceTree = "<group>"; };
		74DC7D391831815100F00EF9 /* Default-568h@2x.png */ = {isa = PBXFileReference; lastKnownFileType = image.png; path = "Default-568h@2x.png"; sourceTree = "<group>"; };
		74DC7D3C1831815100F00EF9 /* en */ = {isa = PBXFileReference; lastKnownFileType = file.storyboard; name = en; path = en.lproj/MainStoryboard_iPhone.storyboard; sourceTree = "<group>"; };
		74DC7D3F1831815100F00EF9 /* en */ = {isa = PBXFileReference; lastKnownFileType = file.storyboard; name = en; path = en.lproj/MainStoryboard_iPad.storyboard; sourceTree = "<group>"; };
		74DC7D411831815100F00EF9 /* Shader.fsh */ = {isa = PBXFileReference; lastKnownFileType = sourcecode.glsl; name = Shader.fsh; path = Shaders/Shader.fsh; sourceTree = "<group>"; };
		74DC7D431831815100F00EF9 /* Shader.vsh */ = {isa = PBXFileReference; lastKnownFileType = sourcecode.glsl; name = Shader.vsh; path = Shaders/Shader.vsh; sourceTree = "<group>"; };
		74DC7D451831815100F00EF9 /* ViewController.h */ = {isa = PBXFileReference; lastKnownFileType = sourcecode.c.h; path = ViewController.h; sourceTree = "<group>"; };
		74DC7D461831815100F00EF9 /* ViewController.m */ = {isa = PBXFileReference; lastKnownFileType = sourcecode.c.objc; path = ViewController.m; sourceTree = "<group>"; };
/* End PBXFileReference section */

/* Begin PBXFrameworksBuildPhase section */
		74DC7D191831815100F00EF9 /* Frameworks */ = {
			isa = PBXFrameworksBuildPhase;
			buildActionMask = 2147483647;
			files = (
				74DC7D201831815100F00EF9 /* UIKit.framework in Frameworks */,
				74DC7D221831815100F00EF9 /* Foundation.framework in Frameworks */,
				74DC7D241831815100F00EF9 /* CoreGraphics.framework in Frameworks */,
				74DC7D261831815100F00EF9 /* GLKit.framework in Frameworks */,
				74DC7D281831815100F00EF9 /* OpenGLES.framework in Frameworks */,
			);
			runOnlyForDeploymentPostprocessing = 0;
		};
/* End PBXFrameworksBuildPhase section */

/* Begin PBXGroup section */
		74DC7D131831815100F00EF9 = {
			isa = PBXGroup;
			children = (
				74DC7D291831815100F00EF9 /* OpenGLTest1 */,
				74DC7D1E1831815100F00EF9 /* Frameworks */,
				74DC7D1D1831815100F00EF9 /* Products */,
			);
			sourceTree = "<group>";
		};
		74DC7D1D1831815100F00EF9 /* Products */ = {
			isa = PBXGroup;
			children = (
				74DC7D1C1831815100F00EF9 /* OpenGLTest1.app */,
			);
			name = Products;
			sourceTree = "<group>";
		};
		74DC7D1E1831815100F00EF9 /* Frameworks */ = {
			isa = PBXGroup;
			children = (
				74DC7D1F1831815100F00EF9 /* UIKit.framework */,
				74DC7D211831815100F00EF9 /* Foundation.framework */,
				74DC7D231831815100F00EF9 /* CoreGraphics.framework */,
				74DC7D251831815100F00EF9 /* GLKit.framework */,
				74DC7D271831815100F00EF9 /* OpenGLES.framework */,
			);
			name = Frameworks;
			sourceTree = "<group>";
		};
		74DC7D291831815100F00EF9 /* OpenGLTest1 */ = {
			isa = PBXGroup;
			children = (
				74DC7D321831815100F00EF9 /* AppDelegate.h */,
				74DC7D331831815100F00EF9 /* AppDelegate.m */,
				74DC7D3B1831815100F00EF9 /* MainStoryboard_iPhone.storyboard */,
				74DC7D3E1831815100F00EF9 /* MainStoryboard_iPad.storyboard */,
				74DC7D411831815100F00EF9 /* Shader.fsh */,
				74DC7D431831815100F00EF9 /* Shader.vsh */,
				74DC7D451831815100F00EF9 /* ViewController.h */,
				74DC7D461831815100F00EF9 /* ViewController.m */,
				74DC7D2A1831815100F00EF9 /* Supporting Files */,
			);
			path = OpenGLTest1;
			sourceTree = "<group>";
		};
		74DC7D2A1831815100F00EF9 /* Supporting Files */ = {
			isa = PBXGroup;
			children = (
				74DC7D2B1831815100F00EF9 /* OpenGLTest1-Info.plist */,
				74DC7D2C1831815100F00EF9 /* InfoPlist.strings */,
				74DC7D2F1831815100F00EF9 /* main.m */,
				74DC7D311831815100F00EF9 /* OpenGLTest1-Prefix.pch */,
				74DC7D351831815100F00EF9 /* Default.png */,
				74DC7D371831815100F00EF9 /* Default@2x.png */,
				74DC7D391831815100F00EF9 /* Default-568h@2x.png */,
			);
			name = "Supporting Files";
			sourceTree = "<group>";
		};
/* End PBXGroup section */

/* Begin PBXNativeTarget section */
		74DC7D1B1831815100F00EF9 /* OpenGLTest1 */ = {
			isa = PBXNativeTarget;
			buildConfigurationList = 74DC7D4A1831815100F00EF9 /* Build configuration list for PBXNativeTarget "OpenGLTest1" */;
			buildPhases = (
				74DC7D181831815100F00EF9 /* Sources */,
				74DC7D191831815100F00EF9 /* Frameworks */,
				74DC7D1A1831815100F00EF9 /* Resources */,
			);
			buildRules = (
			);
			dependencies = (
			);
			name = OpenGLTest1;
			productName = OpenGLTest1;
			productReference = 74DC7D1C1831815100F00EF9 /* OpenGLTest1.app */;
			productType = "com.apple.product-type.application";
		};
/* End PBXNativeTarget section */

/* Begin PBXProject section */
		74DC7D141831815100F00EF9 /* Project object */ = {
			isa = PBXProject;
			attributes = {
				LastUpgradeCheck = 0460;
				ORGANIZATIONNAME = "Monroe Golf, LLC";
			};
			buildConfigurationList = 74DC7D171831815100F00EF9 /* Build configuration list for PBXProject "OpenGLTest1" */;
			compatibilityVersion = "Xcode 3.2";
			developmentRegion = English;
			hasScannedForEncodings = 0;
			knownRegions = (
				en,
			);
			mainGroup = 74DC7D131831815100F00EF9;
			productRefGroup = 74DC7D1D1831815100F00EF9 /* Products */;
			projectDirPath = "";
			projectRoot = "";
			targets = (
				74DC7D1B1831815100F00EF9 /* OpenGLTest1 */,
			);
		};
/* End PBXProject section */

/* Begin PBXResourcesBuildPhase section */
		74DC7D1A1831815100F00EF9 /* Resources */ = {
			isa = PBXResourcesBuildPhase;
			buildActionMask = 2147483647;
			files = (
				74DC7D2E1831815100F00EF9 /* InfoPlist.strings in Resources */,
				74DC7D361831815100F00EF9 /* Default.png in Resources */,
				74DC7D381831815100F00EF9 /* Default@2x.png in Resources */,
				74DC7D3A1831815100F00EF9 /* Default-568h@2x.png in Resources */,
				74DC7D3D1831815100F00EF9 /* MainStoryboard_iPhone.storyboard in Resources */,
				74DC7D401831815100F00EF9 /* MainStoryboard_iPad.storyboard in Resources */,
				74DC7D421831815100F00EF9 /* Shader.fsh in Resources */,
				74DC7D441831815100F00EF9 /* Shader.vsh in Resources */,
			);
			runOnlyForDeploymentPostprocessing = 0;
		};
/* End PBXResourcesBuildPhase section */

/* Begin PBXSourcesBuildPhase section */
		74DC7D181831815100F00EF9 /* Sources */ = {
			isa = PBXSourcesBuildPhase;
			buildActionMask = 2147483647;
			files = (
				74DC7D301831815100F00EF9 /* main.m in Sources */,
				74DC7D341831815100F00EF9 /* AppDelegate.m in Sources */,
				74DC7D471831815100F00EF9 /* ViewController.m in Sources */,
			);
			runOnlyForDeploymentPostprocessing = 0;
		};
/* End PBXSourcesBuildPhase section */

/* Begin PBXVariantGroup section */
		74DC7D2C1831815100F00EF9 /* InfoPlist.strings */ = {
			isa = PBXVariantGroup;
			children = (
				74DC7D2D1831815100F00EF9 /* en */,
			);
			name = InfoPlist.strings;
			sourceTree = "<group>";
		};
		74DC7D3B1831815100F00EF9 /* MainStoryboard_iPhone.storyboard */ = {
			isa = PBXVariantGroup;
			children = (
				74DC7D3C1831815100F00EF9 /* en */,
			);
			name = MainStoryboard_iPhone.storyboard;
			sourceTree = "<group>";
		};
		74DC7D3E1831815100F00EF9 /* MainStoryboard_iPad.storyboard */ = {
			isa = PBXVariantGroup;
			children = (
				74DC7D3F1831815100F00EF9 /* en */,
			);
			name = MainStoryboard_iPad.storyboard;
			sourceTree = "<group>";
		};
/* End PBXVariantGroup section */

/* Begin XCBuildConfiguration section */
		74DC7D481831815100F00EF9 /* Debug */ = {
			isa = XCBuildConfiguration;
			buildSettings = {
				ALWAYS_SEARCH_USER_PATHS = NO;
				CLANG_CXX_LANGUAGE_STANDARD = "gnu++0x";
				CLANG_CXX_LIBRARY = "libc++";
				CLANG_ENABLE_OBJC_ARC = YES;
				CLANG_WARN_CONSTANT_CONVERSION = YES;
				CLANG_WARN_EMPTY_BODY = YES;
				CLANG_WARN_ENUM_CONVERSION = YES;
				CLANG_WARN_INT_CONVERSION = YES;
				CLANG_WARN__DUPLICATE_METHOD_MATCH = YES;
				"CODE_SIGN_IDENTITY[sdk=iphoneos*]" = "iPhone Developer";
				COPY_PHASE_STRIP = NO;
				GCC_C_LANGUAGE_STANDARD = gnu99;
				GCC_DYNAMIC_NO_PIC = NO;
				GCC_OPTIMIZATION_LEVEL = 0;
				GCC_PREPROCESSOR_DEFINITIONS = (
					"DEBUG=1",
					"$(inherited)",
				);
				GCC_SYMBOLS_PRIVATE_EXTERN = NO;
				GCC_WARN_ABOUT_RETURN_TYPE = YES;
				GCC_WARN_UNINITIALIZED_AUTOS = YES;
				GCC_WARN_UNUSED_VARIABLE = YES;
				IPHONEOS_DEPLOYMENT_TARGET = 6.1;
				ONLY_ACTIVE_ARCH = YES;
				SDKROOT = iphoneos;
				TARGETED_DEVICE_FAMILY = "1,2";
			};
			name = Debug;
		};
		74DC7D491831815100F00EF9 /* Release */ = {
			isa = XCBuildConfiguration;
			buildSettings = {
				ALWAYS_SEARCH_USER_PATHS = NO;
				CLANG_CXX_LANGUAGE_STANDARD = "gnu++0x";
				CLANG_CXX_LIBRARY = "libc++";
				CLANG_ENABLE_OBJC_ARC = YES;
				CLANG_WARN_CONSTANT_CONVERSION = YES;
				CLANG_WARN_EMPTY_BODY = YES;
				CLANG_WARN_ENUM_CONVERSION = YES;
				CLANG_WARN_INT_CONVERSION = YES;
				CLANG_WARN__DUPLICATE_METHOD_MATCH = YES;
				"CODE_SIGN_IDENTITY[sdk=iphoneos*]" = "iPhone Developer";
				COPY_PHASE_STRIP = YES;
				GCC_C_LANGUAGE_STANDARD = gnu99;
				GCC_WARN_ABOUT_RETURN_TYPE = YES;
				GCC_WARN_UNINITIALIZED_AUTOS = YES;
				GCC_WARN_UNUSED_VARIABLE = YES;
				IPHONEOS_DEPLOYMENT_TARGET = 6.1;
				OTHER_CFLAGS = "-DNS_BLOCK_ASSERTIONS=1";
				SDKROOT = iphoneos;
				TARGETED_DEVICE_FAMILY = "1,2";
				VALIDATE_PRODUCT = YES;
			};
			name = Release;
		};
		74DC7D4B1831815100F00EF9 /* Debug */ = {
			isa = XCBuildConfiguration;
			buildSettings = {
				GCC_PRECOMPILE_PREFIX_HEADER = YES;
				GCC_PREFIX_HEADER = "OpenGLTest1/OpenGLTest1-Prefix.pch";
				INFOPLIST_FILE = "OpenGLTest1/OpenGLTest1-Info.plist";
				PRODUCT_NAME = "$(TARGET_NAME)";
				WRAPPER_EXTENSION = app;
			};
			name = Debug;
		};
		74DC7D4C1831815100F00EF9 /* Release */ = {
			isa = XCBuildConfiguration;
			buildSettings = {
				GCC_PRECOMPILE_PREFIX_HEADER = YES;
				GCC_PREFIX_HEADER = "OpenGLTest1/OpenGLTest1-Prefix.pch";
				INFOPLIST_FILE = "OpenGLTest1/OpenGLTest1-Info.plist";
				PRODUCT_NAME = "$(TARGET_NAME)";
				WRAPPER_EXTENSION = app;
			};
			name = Release;
		};
/* End XCBuildConfiguration section */

/* Begin XCConfigurationList section */
		74DC7D171831815100F00EF9 /* Build configuration list for PBXProject "OpenGLTest1" */ = {
			isa = XCConfigurationList;
			buildConfigurations = (
				74DC7D481831815100F00EF9 /* Debug */,
				74DC7D491831815100F00EF9 /* Release */,
			);
			defaultConfigurationIsVisible = 0;
			defaultConfigurationName = Release;
		};
		74DC7D4A1831815100F00EF9 /* Build configuration list for PBXNativeTarget "OpenGLTest1" */ = {
			isa = XCConfigurationList;
			buildConfigurations = (
				74DC7D4B1831815100F00EF9 /* Debug */,
				74DC7D4C1831815100F00EF9 /* Release */,
			);
			defaultConfigurationIsVisible = 0;
		};
/* End XCConfigurationList section */
	};
	rootObject = 74DC7D141831815100F00EF9 /* Project object */;
}
